
Microsoft Visual Studio Solution File, Format Version 12.00
# Visual Studio Version 17
VisualStudioVersion = 17.9.34622.214
MinimumVisualStudioVersion = 10.0.40219.1
Project("{FAE04EC0-301F-11D3-BF4B-00C04F79EFBC}") = "PracticaMvcCore2JhonFlores", "PracticaMvcCore2JhonFlores\PracticaMvcCore2JhonFlores.csproj", "{05D03DBC-1949-4726-A60D-BEECB0660165}"
EndProject
Global
	GlobalSection(SolutionConfigurationPlatforms) = preSolution
		Debug|Any CPU = Debug|Any CPU
		Release|Any CPU = Release|Any CPU
	EndGlobalSection
	GlobalSection(ProjectConfigurationPlatforms) = postSolution
		{05D03DBC-1949-4726-A60D-BEECB0660165}.Debug|Any CPU.ActiveCfg = Debug|Any CPU
		{05D03DBC-1949-4726-A60D-BEECB0660165}.Debug|Any CPU.Build.0 = Debug|Any CPU
		{05D03DBC-1949-4726-A60D-BEECB0660165}.Release|Any CPU.ActiveCfg = Release|Any CPU
		{05D03DBC-1949-4726-A60D-BEECB0660165}.Release|Any CPU.Build.0 = Release|Any CPU
	EndGlobalSection
	GlobalSection(SolutionProperties) = preSolution
		HideSolutionNode = FALSE
	EndGlobalSection
	GlobalSection(ExtensibilityGlobals) = postSolution
		SolutionGuid = {164FE991-7FF6-46B4-9194-00FE01127C0D}
	EndGlobalSection
EndGlobal
